
Microsoft Visual Studio Solution File, Format Version 12.00
# Visual Studio Version 18
VisualStudioVersion = 18.2.11415.280 d18.0
MinimumVisualStudioVersion = 10.0.40219.1
Project("{FAE04EC0-301F-11D3-BF4B-00C04F79EFBC}") = "BricklayersDoorFix", "BricklayersDoorFix.csproj", "{536710BD-8186-0BC0-E0B6-D4F887C3EC9C}"
EndProject
Global
	GlobalSection(SolutionConfigurationPlatforms) = preSolution
		Debug|Any CPU = Debug|Any CPU
		Release|Any CPU = Release|Any CPU
	EndGlobalSection
	GlobalSection(ProjectConfigurationPlatforms) = postSolution
		{536710BD-8186-0BC0-E0B6-D4F887C3EC9C}.Debug|Any CPU.ActiveCfg = Debug|Any CPU
		{536710BD-8186-0BC0-E0B6-D4F887C3EC9C}.Debug|Any CPU.Build.0 = Debug|Any CPU
		{536710BD-8186-0BC0-E0B6-D4F887C3EC9C}.Release|Any CPU.ActiveCfg = Release|Any CPU
		{536710BD-8186-0BC0-E0B6-D4F887C3EC9C}.Release|Any CPU.Build.0 = Release|Any CPU
	EndGlobalSection
	GlobalSection(SolutionProperties) = preSolution
		HideSolutionNode = FALSE
	EndGlobalSection
	GlobalSection(ExtensibilityGlobals) = postSolution
		SolutionGuid = {98C34119-1EAA-49A1-BC43-9B433C06C71C}
	EndGlobalSection
EndGlobal
